
Microsoft Visual Studio Solution File, Format Version 11.00
# Visual Studio 2010
Project("{FAE04EC0-301F-11D3-BF4B-00C04F79EFBC}") = "Assembly-CSharp", "Assembly-CSharp.csproj", "{65ACB556-F212-0013-F2EF-B48B2A0FEE83}"
EndProject
Project("{FAE04EC0-301F-11D3-BF4B-00C04F79EFBC}") = "Assembly-CSharp-Editor", "Assembly-CSharp-Editor.csproj", "{986C6905-9C4E-2D9D-E376-A50295D5FE6D}"
EndProject
Global
	GlobalSection(SolutionConfigurationPlatforms) = preSolution
		Debug|Any CPU = Debug|Any CPU
		Release|Any CPU = Release|Any CPU
	EndGlobalSection
	GlobalSection(ProjectConfigurationPlatforms) = postSolution
		{65ACB556-F212-0013-F2EF-B48B2A0FEE83}.Debug|Any CPU.ActiveCfg = Debug|Any CPU
		{65ACB556-F212-0013-F2EF-B48B2A0FEE83}.Debug|Any CPU.Build.0 = Debug|Any CPU
		{65ACB556-F212-0013-F2EF-B48B2A0FEE83}.Release|Any CPU.ActiveCfg = Release|Any CPU
		{65ACB556-F212-0013-F2EF-B48B2A0FEE83}.Release|Any CPU.Build.0 = Release|Any CPU
		{986C6905-9C4E-2D9D-E376-A50295D5FE6D}.Debug|Any CPU.ActiveCfg = Debug|Any CPU
		{986C6905-9C4E-2D9D-E376-A50295D5FE6D}.Debug|Any CPU.Build.0 = Debug|Any CPU
		{986C6905-9C4E-2D9D-E376-A50295D5FE6D}.Release|Any CPU.ActiveCfg = Release|Any CPU
		{986C6905-9C4E-2D9D-E376-A50295D5FE6D}.Release|Any CPU.Build.0 = Release|Any CPU
	EndGlobalSection
	GlobalSection(SolutionProperties) = preSolution
		HideSolutionNode = FALSE
	EndGlobalSection
	GlobalSection(MonoDevelopProperties) = preSolution
		StartupItem = Assembly-CSharp.csproj
	EndGlobalSection
EndGlobal
